
Microsoft Visual Studio Solution File, Format Version 12.00
# Visual Studio Version 16
VisualStudioVersion = 16.0.31129.286
MinimumVisualStudioVersion = 10.0.40219.1
Project("{FAE04EC0-301F-11D3-BF4B-00C04F79EFBC}") = "prj1091613", "prj1091613\prj1091613.csproj", "{4EEA51EE-C147-4B2A-A876-CBD0A7A590DE}"
EndProject
Global
	GlobalSection(SolutionConfigurationPlatforms) = preSolution
		Debug|Any CPU = Debug|Any CPU
		Release|Any CPU = Release|Any CPU
	EndGlobalSection
	GlobalSection(ProjectConfigurationPlatforms) = postSolution
		{4EEA51EE-C147-4B2A-A876-CBD0A7A590DE}.Debug|Any CPU.ActiveCfg = Debug|Any CPU
		{4EEA51EE-C147-4B2A-A876-CBD0A7A590DE}.Debug|Any CPU.Build.0 = Debug|Any CPU
		{4EEA51EE-C147-4B2A-A876-CBD0A7A590DE}.Release|Any CPU.ActiveCfg = Release|Any CPU
		{4EEA51EE-C147-4B2A-A876-CBD0A7A590DE}.Release|Any CPU.Build.0 = Release|Any CPU
	EndGlobalSection
	GlobalSection(SolutionProperties) = preSolution
		HideSolutionNode = FALSE
	EndGlobalSection
	GlobalSection(ExtensibilityGlobals) = postSolution
		SolutionGuid = {2F804090-A70D-48ED-9484-9E860A2DBEC0}
	EndGlobalSection
EndGlobal
